
Microsoft Visual Studio Solution File, Format Version 12.00
# Visual Studio Version 16
VisualStudioVersion = 16.0.30621.155
MinimumVisualStudioVersion = 10.0.40219.1
Project("{FAE04EC0-301F-11D3-BF4B-00C04F79EFBC}") = "SVGMoveStudio", "SVGMoveStudio\SVGMoveStudio.csproj", "{D688FAEC-6452-44F6-BAC8-25D2A40AB909}"
EndProject
Global
	GlobalSection(SolutionConfigurationPlatforms) = preSolution
		Debug|Any CPU = Debug|Any CPU
		Release|Any CPU = Release|Any CPU
	EndGlobalSection
	GlobalSection(ProjectConfigurationPlatforms) = postSolution
		{D688FAEC-6452-44F6-BAC8-25D2A40AB909}.Debug|Any CPU.ActiveCfg = Debug|Any CPU
		{D688FAEC-6452-44F6-BAC8-25D2A40AB909}.Debug|Any CPU.Build.0 = Debug|Any CPU
		{D688FAEC-6452-44F6-BAC8-25D2A40AB909}.Release|Any CPU.ActiveCfg = Release|Any CPU
		{D688FAEC-6452-44F6-BAC8-25D2A40AB909}.Release|Any CPU.Build.0 = Release|Any CPU
	EndGlobalSection
	GlobalSection(SolutionProperties) = preSolution
		HideSolutionNode = FALSE
	EndGlobalSection
	GlobalSection(ExtensibilityGlobals) = postSolution
		SolutionGuid = {8B48D018-82D8-47F1-8B76-2E4D568CB0DB}
	EndGlobalSection
EndGlobal
